<?xml version="1.0" encoding="utf-8"?>
<Project ToolsVersion="4.0" xmlns="http://schemas.microsoft.com/developer/msbuild/2003">
  <ItemGroup>
    <Filter Include="Header Files">
      <UniqueIdentifier>{93995380-89BD-4b04-88EB-625FBE52EBFB}</UniqueIdentifier>
      <Extensions>h;hh;hpp;hxx;h++;hm;inl;inc;ipp;xsd</Extensions>
    </Filter>
    <Filter Include="Resource Files">
      <UniqueIdentifier>{67DA6AB6-F800-4c08-8B7A-83BB121AAD01}</UniqueIdentifier>
      <Extensions>rc;ico;cur;bmp;dlg;rc2;rct;bin;rgs;gif;jpg;jpeg;jpe;resx;tiff;tif;png;wav;mfcribbon-ms</Extensions>
    </Filter>
    <Filter Include="Game">
      <UniqueIdentifier>{77d89bd2-b43b-4dac-85b0-ecccf8204362}</UniqueIdentifier>
    </Filter>
    <Filter Include="Resources">
      <UniqueIdentifier>{f254a164-2af3-4c15-a7d1-cd2cbbffabe1}</UniqueIdentifier>
    </Filter>
    <Filter Include="GameEngine">
      <UniqueIdentifier>{d00905d1-799f-4a08-b310-de532713eebf}</UniqueIdentifier>
    </Filter>
    <Filter Include="GameEngine\Level">
      <UniqueIdentifier>{0d71dcd9-0add-4282-b93c-933b48262cdd}</UniqueIdentifier>
    </Filter>
    <Filter Include="GameEngine\Entities">
      <UniqueIdentifier>{5b4d43cd-2cbe-47e9-b0d1-9a7322c45514}</UniqueIdentifier>
    </Filter>
    <Filter Include="GameEngine\Level\Levels">
      <UniqueIdentifier>{c7d4397b-0f2f-444a-b7ec-d5d913a305f2}</UniqueIdentifier>
    </Filter>
    <Filter Include="GameEngine\Level\Levels\MainMenu">
      <UniqueIdentifier>{a748471c-2ba4-42e4-8417-9f5da6a5e002}</UniqueIdentifier>
    </Filter>
    <Filter Include="GameEngine\Level\Levels\BattleArena">
      <UniqueIdentifier>{150e2851-e632-4cb5-8147-c52e7c04400c}</UniqueIdentifier>
    </Filter>
    <Filter Include="Player">
      <UniqueIdentifier>{e5334aaf-5326-4920-8307-fa73a9f6529c}</UniqueIdentifier>
    </Filter>
    <Filter Include="GameEngine\Entities\Actor">
      <UniqueIdentifier>{ff68592a-5be2-4007-9c56-8ecbf81b11e1}</UniqueIdentifier>
    </Filter>
    <Filter Include="GameEngine\Entities\Particle">
      <UniqueIdentifier>{620eeece-d08a-49f0-9d65-24e6715c4367}</UniqueIdentifier>
    </Filter>
    <Filter Include="Helper">
      <UniqueIdentifier>{7d077177-4f6b-44f5-8284-0b88174bff8c}</UniqueIdentifier>
    </Filter>
    <Filter Include="InventorySystem">
      <UniqueIdentifier>{e40362d6-c110-4759-abb7-c54f45880fc2}</UniqueIdentifier>
    </Filter>
    <Filter Include="InventorySystem\Inventory">
      <UniqueIdentifier>{31a2d879-059f-4e60-a595-bfe35bda368e}</UniqueIdentifier>
    </Filter>
    <Filter Include="Player\Weapons">
      <UniqueIdentifier>{c99ff7ff-e369-4647-a794-47fe05b10a92}</UniqueIdentifier>
    </Filter>
    <Filter Include="GameEngine\Entities\Particle\HitSplat">
      <UniqueIdentifier>{4d2c8924-fede-459f-9ad5-6ab2885cacba}</UniqueIdentifier>
    </Filter>
    <Filter Include="GameEngine\Entities\Particle\AnimatedParticle">
      <UniqueIdentifier>{ffc2f529-a1ea-4382-8010-02edb4e965ad}</UniqueIdentifier>
    </Filter>
    <Filter Include="GameEngine\Entities\Particle\AnimatedParticle\Explosion">
      <UniqueIdentifier>{4cbab258-3151-4597-8166-390a75c488f6}</UniqueIdentifier>
    </Filter>
    <Filter Include="HitBox">
      <UniqueIdentifier>{9fe96381-7983-4b00-a387-4d9f071bebb8}</UniqueIdentifier>
    </Filter>
    <Filter Include="Pickup">
      <UniqueIdentifier>{f7bcf49d-4f9d-46a3-bd20-baee306c90ce}</UniqueIdentifier>
    </Filter>
    <Filter Include="InventorySystem\Items">
      <UniqueIdentifier>{ba162aa4-901a-4918-994a-add3e17e1f5c}</UniqueIdentifier>
    </Filter>
    <Filter Include="HitBox\RayCast">
      <UniqueIdentifier>{3bcb9b35-470f-4639-a9cc-9613d13b5968}</UniqueIdentifier>
    </Filter>
    <Filter Include="GameEngine\Entities\Particle\ShotEffect">
      <UniqueIdentifier>{116d9317-5276-4fbb-b891-c666f98de94e}</UniqueIdentifier>
    </Filter>
    <Filter Include="GameEngine\Level\Levels\GameOver">
      <UniqueIdentifier>{70642d6e-c193-4f9d-819a-c14a9f007738}</UniqueIdentifier>
    </Filter>
    <Filter Include="Pickup\Poweups">
      <UniqueIdentifier>{6d0bbbaf-9b7d-446a-8a46-7f1a8543dbed}</UniqueIdentifier>
    </Filter>
    <Filter Include="Source Files">
      <UniqueIdentifier>{4FC737F1-C7A5-4376-A066-2A32D752A2FF}</UniqueIdentifier>
      <Extensions>cpp;c;cc;cxx;c++;cppm;ixx;def;odl;idl;hpj;bat;asm;asmx</Extensions>
    </Filter>
    <Filter Include="GameEngine\Entities\Particle\AnimatedParticle\MuzzleFlash">
      <UniqueIdentifier>{7e692e65-505d-4649-98fd-06623ccb87f9}</UniqueIdentifier>
    </Filter>
    <Filter Include="Player\Weapons\Missile">
      <UniqueIdentifier>{dd6043e8-ea26-4c03-8781-1c3dd2f73a55}</UniqueIdentifier>
    </Filter>
    <Filter Include="GameEngine\Entities\Particle\Exhaust">
      <UniqueIdentifier>{cec7ec71-3add-4581-af89-d83bd8d86d00}</UniqueIdentifier>
    </Filter>
  </ItemGroup>
  <ItemGroup>
    <ClInclude Include="olcPixelGameEngine.h">
      <Filter>Header Files</Filter>
    </ClInclude>
    <ClInclude Include="Items.h">
      <Filter>InventorySystem\Items</Filter>
    </ClInclude>
    <ClInclude Include="Inventory.h">
      <Filter>InventorySystem\Inventory</Filter>
    </ClInclude>
    <ClInclude Include="Game.h">
      <Filter>Game</Filter>
    </ClInclude>
    <ClInclude Include="Resources.h">
      <Filter>Resources</Filter>
    </ClInclude>
    <ClInclude Include="olcPGEX_Gamepad.h">
      <Filter>Header Files</Filter>
    </ClInclude>
    <ClInclude Include="Player.h">
      <Filter>Player</Filter>
    </ClInclude>
    <ClInclude Include="Pickup.h">
      <Filter>Pickup</Filter>
    </ClInclude>
    <ClInclude Include="PickupManager.h">
      <Filter>Pickup</Filter>
    </ClInclude>
    <ClInclude Include="Level.h">
      <Filter>GameEngine\Level</Filter>
    </ClInclude>
    <ClInclude Include="Entity.h">
      <Filter>GameEngine\Entities</Filter>
    </ClInclude>
    <ClInclude Include="ManifestedEntity.h">
      <Filter>GameEngine\Entities</Filter>
    </ClInclude>
    <ClInclude Include="MainMenu.h">
      <Filter>GameEngine\Level\Levels\MainMenu</Filter>
    </ClInclude>
    <ClInclude Include="BattleArena.h">
      <Filter>GameEngine\Level\Levels\BattleArena</Filter>
    </ClInclude>
    <ClInclude Include="Collision.h">
      <Filter>GameEngine</Filter>
    </ClInclude>
    <ClInclude Include="Actor.h">
      <Filter>GameEngine\Entities\Actor</Filter>
    </ClInclude>
    <ClInclude Include="Particle.h">
      <Filter>GameEngine\Entities\Particle</Filter>
    </ClInclude>
    <ClInclude Include="Helper.h">
      <Filter>Helper</Filter>
    </ClInclude>
    <ClInclude Include="ParticleEffect.h">
      <Filter>GameEngine\Entities\Particle</Filter>
    </ClInclude>
    <ClInclude Include="HitSplat.h">
      <Filter>GameEngine\Entities\Particle\HitSplat</Filter>
    </ClInclude>
    <ClInclude Include="Explosion.h">
      <Filter>GameEngine\Entities\Particle\AnimatedParticle\Explosion</Filter>
    </ClInclude>
    <ClInclude Include="AnimatedParticle.h">
      <Filter>GameEngine\Entities\Particle\AnimatedParticle</Filter>
    </ClInclude>
    <ClInclude Include="HitBox.h">
      <Filter>HitBox</Filter>
    </ClInclude>
    <ClInclude Include="olcUTIL_Geometry2D.h">
      <Filter>Header Files</Filter>
    </ClInclude>
    <ClInclude Include="ItemLambdas.h">
      <Filter>InventorySystem\Items</Filter>
    </ClInclude>
    <ClInclude Include="RayCast.h">
      <Filter>HitBox\RayCast</Filter>
    </ClInclude>
    <ClInclude Include="ShotEffect.h">
      <Filter>GameEngine\Entities\Particle\ShotEffect</Filter>
    </ClInclude>
    <ClInclude Include="PowerupPickup.h">
      <Filter>Pickup\Poweups</Filter>
    </ClInclude>
    <ClInclude Include="PickupLambdas.h">
      <Filter>Pickup\Poweups</Filter>
    </ClInclude>
    <ClInclude Include="Buff.h">
      <Filter>GameEngine\Entities</Filter>
    </ClInclude>
    <ClInclude Include="GameOver.h">
      <Filter>GameEngine\Level\Levels\GameOver</Filter>
    </ClInclude>
    <ClInclude Include="Shield.h">
      <Filter>Player</Filter>
    </ClInclude>
    <ClInclude Include="MuzzleFlash.h">
      <Filter>GameEngine\Entities\Particle\AnimatedParticle\MuzzleFlash</Filter>
    </ClInclude>
    <ClInclude Include="Missile.h">
      <Filter>Player\Weapons\Missile</Filter>
    </ClInclude>
    <ClInclude Include="Grenade.h">
      <Filter>Player\Weapons</Filter>
    </ClInclude>
    <ClInclude Include="WinEffect.h">
      <Filter>GameEngine\Entities</Filter>
    </ClInclude>
  </ItemGroup>
  <ItemGroup>
    <ClCompile Include="olcPixelGameEngine.cpp">
      <Filter>Source Files</Filter>
    </ClCompile>
    <ClCompile Include="main.cpp">
      <Filter>Source Files</Filter>
    </ClCompile>
    <ClCompile Include="Items.cpp">
      <Filter>InventorySystem\Items</Filter>
    </ClCompile>
    <ClCompile Include="Inventory.cpp">
      <Filter>InventorySystem\Inventory</Filter>
    </ClCompile>
    <ClCompile Include="Game.cpp">
      <Filter>Game</Filter>
    </ClCompile>
    <ClCompile Include="Resources.cpp">
      <Filter>Resources</Filter>
    </ClCompile>
    <ClCompile Include="Player.cpp">
      <Filter>Player</Filter>
    </ClCompile>
    <ClCompile Include="olcPGEX_Gamepad.cpp">
      <Filter>Source Files</Filter>
    </ClCompile>
    <ClCompile Include="Pickup.cpp">
      <Filter>Pickup</Filter>
    </ClCompile>
    <ClCompile Include="PickupManager.cpp">
      <Filter>Pickup</Filter>
    </ClCompile>
    <ClCompile Include="Level.cpp">
      <Filter>GameEngine\Level</Filter>
    </ClCompile>
    <ClCompile Include="ManifestedEntity.cpp">
      <Filter>GameEngine\Entities</Filter>
    </ClCompile>
    <ClCompile Include="MainMenu.cpp">
      <Filter>GameEngine\Level\Levels\MainMenu</Filter>
    </ClCompile>
    <ClCompile Include="BattleArena.cpp">
      <Filter>GameEngine\Level\Levels\BattleArena</Filter>
    </ClCompile>
    <ClCompile Include="Actor.cpp">
      <Filter>GameEngine\Entities\Actor</Filter>
    </ClCompile>
    <ClCompile Include="Particle.cpp">
      <Filter>GameEngine\Entities\Particle</Filter>
    </ClCompile>
    <ClCompile Include="Helper.cpp">
      <Filter>Helper</Filter>
    </ClCompile>
    <ClCompile Include="ParticleEffect.cpp">
      <Filter>GameEngine\Entities\Particle</Filter>
    </ClCompile>
    <ClCompile Include="Grenade.cpp">
      <Filter>Player\Weapons</Filter>
    </ClCompile>
    <ClCompile Include="HitSplat.cpp">
      <Filter>GameEngine\Entities\Particle\HitSplat</Filter>
    </ClCompile>
    <ClCompile Include="Explosion.cpp">
      <Filter>GameEngine\Entities\Particle\AnimatedParticle\Explosion</Filter>
    </ClCompile>
    <ClCompile Include="AnimatedParticle.cpp">
      <Filter>GameEngine\Entities\Particle\AnimatedParticle</Filter>
    </ClCompile>
    <ClCompile Include="HitBox.cpp">
      <Filter>HitBox</Filter>
    </ClCompile>
    <ClCompile Include="RayCast.cpp">
      <Filter>HitBox\RayCast</Filter>
    </ClCompile>
    <ClCompile Include="ShotEffect.cpp">
      <Filter>GameEngine\Entities\Particle\ShotEffect</Filter>
    </ClCompile>
    <ClCompile Include="HpEffect.cpp">
      <Filter>GameEngine\Entities\Particle</Filter>
    </ClCompile>
    <ClCompile Include="ItemEffects.cpp">
      <Filter>GameEngine\Entities\Particle</Filter>
    </ClCompile>
    <ClCompile Include="GameOver.cpp">
      <Filter>GameEngine\Level\Levels\GameOver</Filter>
    </ClCompile>
    <ClCompile Include="PowerupPickup.cpp">
      <Filter>Pickup\Poweups</Filter>
    </ClCompile>
    <ClCompile Include="Buff.cpp">
      <Filter>GameEngine\Entities</Filter>
    </ClCompile>
    <ClCompile Include="Shield.cpp">
      <Filter>Player</Filter>
    </ClCompile>
    <ClCompile Include="TeleportParticle.cpp">
      <Filter>GameEngine\Entities\Particle</Filter>
    </ClCompile>
    <ClCompile Include="MuzzleFlash.cpp">
      <Filter>GameEngine\Entities\Particle\AnimatedParticle\MuzzleFlash</Filter>
    </ClCompile>
    <ClCompile Include="Missile.cpp">
      <Filter>Player\Weapons\Missile</Filter>
    </ClCompile>
    <ClCompile Include="Exhaust.cpp">
      <Filter>GameEngine\Entities\Particle\Exhaust</Filter>
    </ClCompile>
    <ClCompile Include="Explosions.cpp">
      <Filter>GameEngine\Entities\Particle</Filter>
    </ClCompile>
    <ClCompile Include="WinEffect.cpp">
      <Filter>GameEngine\Entities</Filter>
    </ClCompile>
    <ClCompile Include="PlayerDeathEffect.cpp">
      <Filter>GameEngine\Entities\Particle</Filter>
    </ClCompile>
  </ItemGroup>
</Project>